
Microsoft Visual Studio Solution File, Format Version 12.00
# Visual Studio 15
VisualStudioVersion = 15.0.26730.8
MinimumVisualStudioVersion = 10.0.40219.1
Project("{FAE04EC0-301F-11D3-BF4B-00C04F79EFBC}") = "App1", "App1\App1.csproj", "{50CF796D-D5E1-493D-B2B7-4503EF25ABE8}"
EndProject
Global
	GlobalSection(SolutionConfigurationPlatforms) = preSolution
		Debug|ARM = Debug|ARM
		Debug|x64 = Debug|x64
		Debug|x86 = Debug|x86
		Release|ARM = Release|ARM
		Release|x64 = Release|x64
		Release|x86 = Release|x86
	EndGlobalSection
	GlobalSection(ProjectConfigurationPlatforms) = postSolution
		{50CF796D-D5E1-493D-B2B7-4503EF25ABE8}.Debug|ARM.ActiveCfg = Debug|ARM
		{50CF796D-D5E1-493D-B2B7-4503EF25ABE8}.Debug|ARM.Build.0 = Debug|ARM
		{50CF796D-D5E1-493D-B2B7-4503EF25ABE8}.Debug|ARM.Deploy.0 = Debug|ARM
		{50CF796D-D5E1-493D-B2B7-4503EF25ABE8}.Debug|x64.ActiveCfg = Debug|x64
		{50CF796D-D5E1-493D-B2B7-4503EF25ABE8}.Debug|x64.Build.0 = Debug|x64
		{50CF796D-D5E1-493D-B2B7-4503EF25ABE8}.Debug|x64.Deploy.0 = Debug|x64
		{50CF796D-D5E1-493D-B2B7-4503EF25ABE8}.Debug|x86.ActiveCfg = Debug|x86
		{50CF796D-D5E1-493D-B2B7-4503EF25ABE8}.Debug|x86.Build.0 = Debug|x86
		{50CF796D-D5E1-493D-B2B7-4503EF25ABE8}.Debug|x86.Deploy.0 = Debug|x86
		{50CF796D-D5E1-493D-B2B7-4503EF25ABE8}.Release|ARM.ActiveCfg = Release|ARM
		{50CF796D-D5E1-493D-B2B7-4503EF25ABE8}.Release|ARM.Build.0 = Release|ARM
		{50CF796D-D5E1-493D-B2B7-4503EF25ABE8}.Release|ARM.Deploy.0 = Release|ARM
		{50CF796D-D5E1-493D-B2B7-4503EF25ABE8}.Release|x64.ActiveCfg = Release|x64
		{50CF796D-D5E1-493D-B2B7-4503EF25ABE8}.Release|x64.Build.0 = Release|x64
		{50CF796D-D5E1-493D-B2B7-4503EF25ABE8}.Release|x64.Deploy.0 = Release|x64
		{50CF796D-D5E1-493D-B2B7-4503EF25ABE8}.Release|x86.ActiveCfg = Release|x86
		{50CF796D-D5E1-493D-B2B7-4503EF25ABE8}.Release|x86.Build.0 = Release|x86
		{50CF796D-D5E1-493D-B2B7-4503EF25ABE8}.Release|x86.Deploy.0 = Release|x86
	EndGlobalSection
	GlobalSection(SolutionProperties) = preSolution
		HideSolutionNode = FALSE
	EndGlobalSection
	GlobalSection(ExtensibilityGlobals) = postSolution
		SolutionGuid = {A3FA0468-7220-448E-B998-7CC8FB8D3FE3}
	EndGlobalSection
EndGlobal
