
Microsoft Visual Studio Solution File, Format Version 12.00
# Visual Studio 15
VisualStudioVersion = 15.0.26906.1
MinimumVisualStudioVersion = 10.0.40219.1
Project("{FAE04EC0-301F-11D3-BF4B-00C04F79EFBC}") = "Lab3", "Lab3\Lab3.csproj", "{B51ACACE-A7C3-42FA-8741-89442CFE3750}"
EndProject
Project("{FAE04EC0-301F-11D3-BF4B-00C04F79EFBC}") = "RuntimeComponent1", "RuntimeComponent1\RuntimeComponent1.csproj", "{9FC36A31-838E-4C1F-BEC5-0DA2FF272603}"
EndProject
Global
	GlobalSection(SolutionConfigurationPlatforms) = preSolution
		Debug|Any CPU = Debug|Any CPU
		Debug|ARM = Debug|ARM
		Debug|x64 = Debug|x64
		Debug|x86 = Debug|x86
		Release|Any CPU = Release|Any CPU
		Release|ARM = Release|ARM
		Release|x64 = Release|x64
		Release|x86 = Release|x86
	EndGlobalSection
	GlobalSection(ProjectConfigurationPlatforms) = postSolution
		{B51ACACE-A7C3-42FA-8741-89442CFE3750}.Debug|Any CPU.ActiveCfg = Debug|x86
		{B51ACACE-A7C3-42FA-8741-89442CFE3750}.Debug|ARM.ActiveCfg = Debug|ARM
		{B51ACACE-A7C3-42FA-8741-89442CFE3750}.Debug|ARM.Build.0 = Debug|ARM
		{B51ACACE-A7C3-42FA-8741-89442CFE3750}.Debug|ARM.Deploy.0 = Debug|ARM
		{B51ACACE-A7C3-42FA-8741-89442CFE3750}.Debug|x64.ActiveCfg = Debug|x64
		{B51ACACE-A7C3-42FA-8741-89442CFE3750}.Debug|x64.Build.0 = Debug|x64
		{B51ACACE-A7C3-42FA-8741-89442CFE3750}.Debug|x64.Deploy.0 = Debug|x64
		{B51ACACE-A7C3-42FA-8741-89442CFE3750}.Debug|x86.ActiveCfg = Debug|x86
		{B51ACACE-A7C3-42FA-8741-89442CFE3750}.Debug|x86.Build.0 = Debug|x86
		{B51ACACE-A7C3-42FA-8741-89442CFE3750}.Debug|x86.Deploy.0 = Debug|x86
		{B51ACACE-A7C3-42FA-8741-89442CFE3750}.Release|Any CPU.ActiveCfg = Release|x86
		{B51ACACE-A7C3-42FA-8741-89442CFE3750}.Release|ARM.ActiveCfg = Release|ARM
		{B51ACACE-A7C3-42FA-8741-89442CFE3750}.Release|ARM.Build.0 = Release|ARM
		{B51ACACE-A7C3-42FA-8741-89442CFE3750}.Release|ARM.Deploy.0 = Release|ARM
		{B51ACACE-A7C3-42FA-8741-89442CFE3750}.Release|x64.ActiveCfg = Release|x64
		{B51ACACE-A7C3-42FA-8741-89442CFE3750}.Release|x64.Build.0 = Release|x64
		{B51ACACE-A7C3-42FA-8741-89442CFE3750}.Release|x64.Deploy.0 = Release|x64
		{B51ACACE-A7C3-42FA-8741-89442CFE3750}.Release|x86.ActiveCfg = Release|x86
		{B51ACACE-A7C3-42FA-8741-89442CFE3750}.Release|x86.Build.0 = Release|x86
		{B51ACACE-A7C3-42FA-8741-89442CFE3750}.Release|x86.Deploy.0 = Release|x86
		{9FC36A31-838E-4C1F-BEC5-0DA2FF272603}.Debug|Any CPU.ActiveCfg = Debug|Any CPU
		{9FC36A31-838E-4C1F-BEC5-0DA2FF272603}.Debug|Any CPU.Build.0 = Debug|Any CPU
		{9FC36A31-838E-4C1F-BEC5-0DA2FF272603}.Debug|ARM.ActiveCfg = Debug|ARM
		{9FC36A31-838E-4C1F-BEC5-0DA2FF272603}.Debug|ARM.Build.0 = Debug|ARM
		{9FC36A31-838E-4C1F-BEC5-0DA2FF272603}.Debug|x64.ActiveCfg = Debug|x64
		{9FC36A31-838E-4C1F-BEC5-0DA2FF272603}.Debug|x64.Build.0 = Debug|x64
		{9FC36A31-838E-4C1F-BEC5-0DA2FF272603}.Debug|x86.ActiveCfg = Debug|x86
		{9FC36A31-838E-4C1F-BEC5-0DA2FF272603}.Debug|x86.Build.0 = Debug|x86
		{9FC36A31-838E-4C1F-BEC5-0DA2FF272603}.Release|Any CPU.ActiveCfg = Release|Any CPU
		{9FC36A31-838E-4C1F-BEC5-0DA2FF272603}.Release|Any CPU.Build.0 = Release|Any CPU
		{9FC36A31-838E-4C1F-BEC5-0DA2FF272603}.Release|ARM.ActiveCfg = Release|ARM
		{9FC36A31-838E-4C1F-BEC5-0DA2FF272603}.Release|ARM.Build.0 = Release|ARM
		{9FC36A31-838E-4C1F-BEC5-0DA2FF272603}.Release|x64.ActiveCfg = Release|x64
		{9FC36A31-838E-4C1F-BEC5-0DA2FF272603}.Release|x64.Build.0 = Release|x64
		{9FC36A31-838E-4C1F-BEC5-0DA2FF272603}.Release|x86.ActiveCfg = Release|x86
		{9FC36A31-838E-4C1F-BEC5-0DA2FF272603}.Release|x86.Build.0 = Release|x86
	EndGlobalSection
	GlobalSection(SolutionProperties) = preSolution
		HideSolutionNode = FALSE
	EndGlobalSection
	GlobalSection(ExtensibilityGlobals) = postSolution
		SolutionGuid = {161898D5-550C-49FA-996C-26518303949A}
	EndGlobalSection
EndGlobal
